
Microsoft Visual Studio Solution File, Format Version 12.00
# Visual Studio Version 17
VisualStudioVersion = 17.3.32811.315
MinimumVisualStudioVersion = 10.0.40219.1
Project("{9A19103F-16F7-4668-BE54-9A1E7A4F7556}") = "Serializer", "Serializer\Serializer.csproj", "{E717996C-EA29-4B0B-96EC-1474893177D1}"
EndProject
Project("{FAE04EC0-301F-11D3-BF4B-00C04F79EFBC}") = "SerializerTests", "SerializerTests\SerializerTests.csproj", "{054403F6-B3EF-4682-8B33-0127202906CC}"
EndProject
Global
	GlobalSection(SolutionConfigurationPlatforms) = preSolution
		Debug|Any CPU = Debug|Any CPU
		Release|Any CPU = Release|Any CPU
	EndGlobalSection
	GlobalSection(ProjectConfigurationPlatforms) = postSolution
		{E717996C-EA29-4B0B-96EC-1474893177D1}.Debug|Any CPU.ActiveCfg = Debug|Any CPU
		{E717996C-EA29-4B0B-96EC-1474893177D1}.Debug|Any CPU.Build.0 = Debug|Any CPU
		{E717996C-EA29-4B0B-96EC-1474893177D1}.Release|Any CPU.ActiveCfg = Release|Any CPU
		{E717996C-EA29-4B0B-96EC-1474893177D1}.Release|Any CPU.Build.0 = Release|Any CPU
		{054403F6-B3EF-4682-8B33-0127202906CC}.Debug|Any CPU.ActiveCfg = Debug|Any CPU
		{054403F6-B3EF-4682-8B33-0127202906CC}.Debug|Any CPU.Build.0 = Debug|Any CPU
		{054403F6-B3EF-4682-8B33-0127202906CC}.Release|Any CPU.ActiveCfg = Release|Any CPU
		{054403F6-B3EF-4682-8B33-0127202906CC}.Release|Any CPU.Build.0 = Release|Any CPU
	EndGlobalSection
	GlobalSection(SolutionProperties) = preSolution
		HideSolutionNode = FALSE
	EndGlobalSection
	GlobalSection(ExtensibilityGlobals) = postSolution
		SolutionGuid = {7A4E9B4C-1804-44BC-9FC0-67651DB4FED9}
	EndGlobalSection
EndGlobal
