
Microsoft Visual Studio Solution File, Format Version 12.00
# Visual Studio 15
Project("{FAE04EC0-301F-11D3-BF4B-00C04F79EFBC}") = "Assembly-CSharp", "Assembly-CSharp.csproj", "{99B07BA3-3AA1-FF8B-BFD4-BAD51ECA89EC}"
EndProject
Global
	GlobalSection(SolutionConfigurationPlatforms) = preSolution
		Debug|Any CPU = Debug|Any CPU
		Release|Any CPU = Release|Any CPU
	EndGlobalSection
	GlobalSection(ProjectConfigurationPlatforms) = postSolution
		{99B07BA3-3AA1-FF8B-BFD4-BAD51ECA89EC}.Debug|Any CPU.ActiveCfg = Debug|Any CPU
		{99B07BA3-3AA1-FF8B-BFD4-BAD51ECA89EC}.Debug|Any CPU.Build.0 = Debug|Any CPU
		{99B07BA3-3AA1-FF8B-BFD4-BAD51ECA89EC}.Release|Any CPU.ActiveCfg = Release|Any CPU
		{99B07BA3-3AA1-FF8B-BFD4-BAD51ECA89EC}.Release|Any CPU.Build.0 = Release|Any CPU
	EndGlobalSection
	GlobalSection(SolutionProperties) = preSolution
		HideSolutionNode = FALSE
	EndGlobalSection
EndGlobal
